// !$*UTF8*$!
{
	archiveVersion = 1;
	classes = {
	};
	objectVersion = 46;
	objects = {

/* Begin PBXBuildFile section */
		75918F6D1B79E9A10082D7EC /* Preference.storyboard in Resources */ = {isa = PBXBuildFile; fileRef = 75918F6C1B79E9A10082D7EC /* Preference.storyboard */; };
		75918F731B79E9C50082D7EC /* CustomLabel.m in Sources */ = {isa = PBXBuildFile; fileRef = 75918F701B79E9C50082D7EC /* CustomLabel.m */; };
		75918F741B79E9C50082D7EC /* PreferenceVC.m in Sources */ = {isa = PBXBuildFile; fileRef = 75918F721B79E9C50082D7EC /* PreferenceVC.m */; };
		75918F7E1B79EBD70082D7EC /* SelectedLocationVC.m in Sources */ = {isa = PBXBuildFile; fileRef = 75918F7D1B79EBD70082D7EC /* SelectedLocationVC.m */; };
		75918F861B79EC2C0082D7EC /* DegreeListVC.m in Sources */ = {isa = PBXBuildFile; fileRef = 75918F851B79EC2C0082D7EC /* DegreeListVC.m */; };
		75918F891B79ECBD0082D7EC /* Degree.m in Sources */ = {isa = PBXBuildFile; fileRef = 75918F881B79ECBD0082D7EC /* Degree.m */; };
		897C239C1B6B562C00FC32E9 /* main.m in Sources */ = {isa = PBXBuildFile; fileRef = 897C239B1B6B562C00FC32E9 /* main.m */; };
		897C23A21B6B562C00FC32E9 /* MandapTak.xcdatamodeld in Sources */ = {isa = PBXBuildFile; fileRef = 897C23A01B6B562C00FC32E9 /* MandapTak.xcdatamodeld */; };
		897C23AA1B6B562C00FC32E9 /* Images.xcassets in Resources */ = {isa = PBXBuildFile; fileRef = 897C23A91B6B562C00FC32E9 /* Images.xcassets */; };
		897C23AD1B6B562C00FC32E9 /* LaunchScreen.xib in Resources */ = {isa = PBXBuildFile; fileRef = 897C23AB1B6B562C00FC32E9 /* LaunchScreen.xib */; };
		897C23B91B6B562C00FC32E9 /* MandapTakTests.m in Sources */ = {isa = PBXBuildFile; fileRef = 897C23B81B6B562C00FC32E9 /* MandapTakTests.m */; };
		897EF9651B708F2E00F88CEC /* Profile.storyboard in Resources */ = {isa = PBXBuildFile; fileRef = 897EF9641B708F2E00F88CEC /* Profile.storyboard */; };
		897EF96A1B708FE000F88CEC /* ProfileViewController.m in Sources */ = {isa = PBXBuildFile; fileRef = 897EF9691B708FE000F88CEC /* ProfileViewController.m */; };
		897EF96D1B70901400F88CEC /* EditProfileViewController.m in Sources */ = {isa = PBXBuildFile; fileRef = 897EF96C1B70901400F88CEC /* EditProfileViewController.m */; };
		897EF9761B70928E00F88CEC /* frame.png in Resources */ = {isa = PBXBuildFile; fileRef = 897EF96E1B70928E00F88CEC /* frame.png */; };
		897EF9771B70928E00F88CEC /* frame@2x.png in Resources */ = {isa = PBXBuildFile; fileRef = 897EF96F1B70928E00F88CEC /* frame@2x.png */; };
		897EF97A1B70928E00F88CEC /* qualification.png in Resources */ = {isa = PBXBuildFile; fileRef = 897EF9721B70928E00F88CEC /* qualification.png */; };
		897EF97B1B70928E00F88CEC /* qualification@2x.png in Resources */ = {isa = PBXBuildFile; fileRef = 897EF9731B70928E00F88CEC /* qualification@2x.png */; };
		897EF97C1B70928E00F88CEC /* userProfile.png in Resources */ = {isa = PBXBuildFile; fileRef = 897EF9741B70928E00F88CEC /* userProfile.png */; };
		897EF97D1B70928E00F88CEC /* userProfile@2x.png in Resources */ = {isa = PBXBuildFile; fileRef = 897EF9751B70928E00F88CEC /* userProfile@2x.png */; };
		897EF9841B70958F00F88CEC /* measures.png in Resources */ = {isa = PBXBuildFile; fileRef = 897EF9821B70958F00F88CEC /* measures.png */; };
		897EF9851B70958F00F88CEC /* measures@2x.png in Resources */ = {isa = PBXBuildFile; fileRef = 897EF9831B70958F00F88CEC /* measures@2x.png */; };
		898146351B7C6E5900DF30AB /* TextFieldTableViewCell.m in Sources */ = {isa = PBXBuildFile; fileRef = 898146341B7C6E5900DF30AB /* TextFieldTableViewCell.m */; };
		8984304A1B788C040071A423 /* EditProfileTab1ViewController.m in Sources */ = {isa = PBXBuildFile; fileRef = 898430491B788C040071A423 /* EditProfileTab1ViewController.m */; };
		899170461B70B5D0000CF872 /* next.png in Resources */ = {isa = PBXBuildFile; fileRef = 899170441B70B5D0000CF872 /* next.png */; };
		899170471B70B5D0000CF872 /* next@2x.png in Resources */ = {isa = PBXBuildFile; fileRef = 899170451B70B5D0000CF872 /* next@2x.png */; };
		8991705C1B70D458000CF872 /* WYPopoverController.m in Sources */ = {isa = PBXBuildFile; fileRef = 899170591B70D458000CF872 /* WYPopoverController.m */; };
		8991705D1B70D458000CF872 /* WYStoryboardPopoverSegue.m in Sources */ = {isa = PBXBuildFile; fileRef = 8991705B1B70D458000CF872 /* WYStoryboardPopoverSegue.m */; };
		899170691B70E0BF000CF872 /* FPPopoverController.m in Sources */ = {isa = PBXBuildFile; fileRef = 899170641B70E0BF000CF872 /* FPPopoverController.m */; };
		8991706A1B70E0BF000CF872 /* FPPopoverView.m in Sources */ = {isa = PBXBuildFile; fileRef = 899170661B70E0BF000CF872 /* FPPopoverView.m */; };
		8991706B1B70E0BF000CF872 /* FPTouchView.m in Sources */ = {isa = PBXBuildFile; fileRef = 899170681B70E0BF000CF872 /* FPTouchView.m */; };
		899170781B70E743000CF872 /* profile-edit.png in Resources */ = {isa = PBXBuildFile; fileRef = 899170761B70E743000CF872 /* profile-edit.png */; };
		899170791B70E743000CF872 /* profile-edit@2x.png in Resources */ = {isa = PBXBuildFile; fileRef = 899170771B70E743000CF872 /* profile-edit@2x.png */; };
		8991707E1B70E80C000CF872 /* calendar.png in Resources */ = {isa = PBXBuildFile; fileRef = 8991707A1B70E80C000CF872 /* calendar.png */; };
		8991707F1B70E80C000CF872 /* calendar@2x.png in Resources */ = {isa = PBXBuildFile; fileRef = 8991707B1B70E80C000CF872 /* calendar@2x.png */; };
		899170801B70E80C000CF872 /* gender.png in Resources */ = {isa = PBXBuildFile; fileRef = 8991707C1B70E80C000CF872 /* gender.png */; };
		899170811B70E80C000CF872 /* gender@2x.png in Resources */ = {isa = PBXBuildFile; fileRef = 8991707D1B70E80C000CF872 /* gender@2x.png */; };
		899170841B70E849000CF872 /* location.png in Resources */ = {isa = PBXBuildFile; fileRef = 899170821B70E849000CF872 /* location.png */; };
		899170851B70E849000CF872 /* location@2x.png in Resources */ = {isa = PBXBuildFile; fileRef = 899170831B70E849000CF872 /* location@2x.png */; };
		899C53701B732B6500C24DA8 /* GenderViewController.m in Sources */ = {isa = PBXBuildFile; fileRef = 899C536C1B732B6500C24DA8 /* GenderViewController.m */; };
		899C53711B732B6500C24DA8 /* PopOverListViewController.m in Sources */ = {isa = PBXBuildFile; fileRef = 899C536F1B732B6500C24DA8 /* PopOverListViewController.m */; };
		899C53741B732B9700C24DA8 /* DateOfBirthPopoverViewController.m in Sources */ = {isa = PBXBuildFile; fileRef = 899C53731B732B9700C24DA8 /* DateOfBirthPopoverViewController.m */; };
		899C53781B73363300C24DA8 /* ServiceManager.m in Sources */ = {isa = PBXBuildFile; fileRef = 899C53771B73363300C24DA8 /* ServiceManager.m */; };
		899C537C1B7339EB00C24DA8 /* MBProgressHUD.m in Sources */ = {isa = PBXBuildFile; fileRef = 899C537B1B7339EB00C24DA8 /* MBProgressHUD.m */; };
		899C537F1B73447B00C24DA8 /* Location.m in Sources */ = {isa = PBXBuildFile; fileRef = 899C537E1B73447B00C24DA8 /* Location.m */; };
		899C53831B7383C200C24DA8 /* HeightPopoverViewController.m in Sources */ = {isa = PBXBuildFile; fileRef = 899C53821B7383C200C24DA8 /* HeightPopoverViewController.m */; };
		899CBDE71B75FF3A00D1778A /* menu_white.png in Resources */ = {isa = PBXBuildFile; fileRef = 899CBDE61B75FF3A00D1778A /* menu_white.png */; };
		899CBDEB1B75FFEE00D1778A /* BirthTimePopoverViewController.m in Sources */ = {isa = PBXBuildFile; fileRef = 899CBDEA1B75FFEE00D1778A /* BirthTimePopoverViewController.m */; };
		89D9F7231B6B578C004CBE3D /* AppDelegate.m in Sources */ = {isa = PBXBuildFile; fileRef = 89D9F7221B6B578C004CBE3D /* AppDelegate.m */; };
		89D9F7321B6B579E004CBE3D /* UserProfileViewController.m in Sources */ = {isa = PBXBuildFile; fileRef = 89D9F7291B6B579E004CBE3D /* UserProfileViewController.m */; };
		89D9F7331B6B579E004CBE3D /* SideBarViewController.m in Sources */ = {isa = PBXBuildFile; fileRef = 89D9F72C1B6B579E004CBE3D /* SideBarViewController.m */; };
		89D9F7341B6B579E004CBE3D /* StartMainViewController.m in Sources */ = {isa = PBXBuildFile; fileRef = 89D9F72F1B6B579E004CBE3D /* StartMainViewController.m */; };
		89D9F7351B6B579E004CBE3D /* TutorialContentViewController.m in Sources */ = {isa = PBXBuildFile; fileRef = 89D9F7311B6B579E004CBE3D /* TutorialContentViewController.m */; };
		89D9F73B1B6B57A8004CBE3D /* SWRevealViewController.m in Sources */ = {isa = PBXBuildFile; fileRef = 89D9F73A1B6B57A8004CBE3D /* SWRevealViewController.m */; };
		89D9F73F1B6B582C004CBE3D /* Main.storyboard in Resources */ = {isa = PBXBuildFile; fileRef = 89D9F73E1B6B582C004CBE3D /* Main.storyboard */; };
		89D9F7411B6B5905004CBE3D /* libstdc++.6.dylib in Frameworks */ = {isa = PBXBuildFile; fileRef = 89D9F7401B6B5905004CBE3D /* libstdc++.6.dylib */; };
		89D9F7431B6B590F004CBE3D /* CoreLocation.framework in Frameworks */ = {isa = PBXBuildFile; fileRef = 89D9F7421B6B590F004CBE3D /* CoreLocation.framework */; };
		89D9F7451B6B591C004CBE3D /* StoreKit.framework in Frameworks */ = {isa = PBXBuildFile; fileRef = 89D9F7441B6B591C004CBE3D /* StoreKit.framework */; };
		89D9F7471B6B5927004CBE3D /* CoreGraphics.framework in Frameworks */ = {isa = PBXBuildFile; fileRef = 89D9F7461B6B5927004CBE3D /* CoreGraphics.framework */; };
		89D9F7491B6B592E004CBE3D /* libsqlite3.dylib in Frameworks */ = {isa = PBXBuildFile; fileRef = 89D9F7481B6B592E004CBE3D /* libsqlite3.dylib */; };
		89D9F74B1B6B5982004CBE3D /* QuartzCore.framework in Frameworks */ = {isa = PBXBuildFile; fileRef = 89D9F74A1B6B5982004CBE3D /* QuartzCore.framework */; };
		89D9F74D1B6B5988004CBE3D /* libz.1.1.3.dylib in Frameworks */ = {isa = PBXBuildFile; fileRef = 89D9F74C1B6B5988004CBE3D /* libz.1.1.3.dylib */; };
		89D9F74F1B6B5993004CBE3D /* Security.framework in Frameworks */ = {isa = PBXBuildFile; fileRef = 89D9F74E1B6B5993004CBE3D /* Security.framework */; };
		89D9F7511B6B5998004CBE3D /* AudioToolbox.framework in Frameworks */ = {isa = PBXBuildFile; fileRef = 89D9F7501B6B5998004CBE3D /* AudioToolbox.framework */; };
		89D9F7531B6B59AD004CBE3D /* SystemConfiguration.framework in Frameworks */ = {isa = PBXBuildFile; fileRef = 89D9F7521B6B59AD004CBE3D /* SystemConfiguration.framework */; };
		89D9F7551B6B59C6004CBE3D /* CFNetwork.framework in Frameworks */ = {isa = PBXBuildFile; fileRef = 89D9F7541B6B59C6004CBE3D /* CFNetwork.framework */; };
		89D9F7571B6B59CB004CBE3D /* Foundation.framework in Frameworks */ = {isa = PBXBuildFile; fileRef = 89D9F7561B6B59CB004CBE3D /* Foundation.framework */; };
		89D9F7591B6B59DC004CBE3D /* UIKit.framework in Frameworks */ = {isa = PBXBuildFile; fileRef = 89D9F7581B6B59DC004CBE3D /* UIKit.framework */; };
		89D9F77C1B6B5DB4004CBE3D /* heart_icon.png in Resources */ = {isa = PBXBuildFile; fileRef = 89D9F7651B6B5DB4004CBE3D /* heart_icon.png */; };
		89D9F77D1B6B5DB4004CBE3D /* menu_icon.png in Resources */ = {isa = PBXBuildFile; fileRef = 89D9F7661B6B5DB4004CBE3D /* menu_icon.png */; };
		89D9F77E1B6B5DB4004CBE3D /* Profile-3.png in Resources */ = {isa = PBXBuildFile; fileRef = 89D9F7671B6B5DB4004CBE3D /* Profile-3.png */; };
		89D9F77F1B6B5DB4004CBE3D /* Profile_1.png in Resources */ = {isa = PBXBuildFile; fileRef = 89D9F7681B6B5DB4004CBE3D /* Profile_1.png */; };
		89D9F7801B6B5DB4004CBE3D /* Profile_2.png in Resources */ = {isa = PBXBuildFile; fileRef = 89D9F7691B6B5DB4004CBE3D /* Profile_2.png */; };
		89D9F7811B6B5DB4004CBE3D /* share_icon.png in Resources */ = {isa = PBXBuildFile; fileRef = 89D9F76A1B6B5DB4004CBE3D /* share_icon.png */; };
		89D9F7821B6B5DB4004CBE3D /* backgroundImage.png in Resources */ = {isa = PBXBuildFile; fileRef = 89D9F76C1B6B5DB4004CBE3D /* backgroundImage.png */; };
		89D9F7831B6B5DB4004CBE3D /* backgroundImages.png in Resources */ = {isa = PBXBuildFile; fileRef = 89D9F76D1B6B5DB4004CBE3D /* backgroundImages.png */; };
		89D9F7841B6B5DB4004CBE3D /* call_icon.png in Resources */ = {isa = PBXBuildFile; fileRef = 89D9F76E1B6B5DB4004CBE3D /* call_icon.png */; };
		89D9F7851B6B5DB4004CBE3D /* Fake_icon.png in Resources */ = {isa = PBXBuildFile; fileRef = 89D9F76F1B6B5DB4004CBE3D /* Fake_icon.png */; };
		89D9F7861B6B5DB4004CBE3D /* Kundli_icon.png in Resources */ = {isa = PBXBuildFile; fileRef = 89D9F7701B6B5DB4004CBE3D /* Kundli_icon.png */; };
		89D9F7871B6B5DB4004CBE3D /* Matches_icon.png in Resources */ = {isa = PBXBuildFile; fileRef = 89D9F7711B6B5DB4004CBE3D /* Matches_icon.png */; };
		89D9F7881B6B5DB4004CBE3D /* Spam_icon.png in Resources */ = {isa = PBXBuildFile; fileRef = 89D9F7721B6B5DB4004CBE3D /* Spam_icon.png */; };
		89D9F7891B6B5DB4004CBE3D /* Weeding_icon.png in Resources */ = {isa = PBXBuildFile; fileRef = 89D9F7731B6B5DB4004CBE3D /* Weeding_icon.png */; };
		89D9F78A1B6B5DB4004CBE3D /* preferences.png in Resources */ = {isa = PBXBuildFile; fileRef = 89D9F7761B6B5DB4004CBE3D /* preferences.png */; };
		89D9F78B1B6B5DB4004CBE3D /* preferences@2x.png in Resources */ = {isa = PBXBuildFile; fileRef = 89D9F7771B6B5DB4004CBE3D /* preferences@2x.png */; };
		89D9F78C1B6B5DB4004CBE3D /* profile.png in Resources */ = {isa = PBXBuildFile; fileRef = 89D9F7781B6B5DB4004CBE3D /* profile.png */; };
		89D9F78D1B6B5DB4004CBE3D /* profile@2x.png in Resources */ = {isa = PBXBuildFile; fileRef = 89D9F7791B6B5DB4004CBE3D /* profile@2x.png */; };
		89D9F78E1B6B5DB4004CBE3D /* setting.png in Resources */ = {isa = PBXBuildFile; fileRef = 89D9F77A1B6B5DB4004CBE3D /* setting.png */; };
		89D9F78F1B6B5DB4004CBE3D /* setting@2x.png in Resources */ = {isa = PBXBuildFile; fileRef = 89D9F77B1B6B5DB4004CBE3D /* setting@2x.png */; };
		89D9F7901B6B5DE1004CBE3D /* Bolts.framework in Frameworks */ = {isa = PBXBuildFile; fileRef = 89D9F7601B6B5D78004CBE3D /* Bolts.framework */; };
		89D9F7911B6B5DE1004CBE3D /* Parse.framework in Frameworks */ = {isa = PBXBuildFile; fileRef = 89D9F75E1B6B5C7B004CBE3D /* Parse.framework */; };
		89E8D9391B78AF3F008A8E2F /* BasicProfileViewController.m in Sources */ = {isa = PBXBuildFile; fileRef = 89E8D9381B78AF3F008A8E2F /* BasicProfileViewController.m */; };
		89E8D93C1B78CFF1008A8E2F /* DetailProfileViewController.m in Sources */ = {isa = PBXBuildFile; fileRef = 89E8D93B1B78CFF1008A8E2F /* DetailProfileViewController.m */; };
/* End PBXBuildFile section */

/* Begin PBXContainerItemProxy section */
		897C23B31B6B562C00FC32E9 /* PBXContainerItemProxy */ = {
			isa = PBXContainerItemProxy;
			containerPortal = 897C238E1B6B562C00FC32E9 /* Project object */;
			proxyType = 1;
			remoteGlobalIDString = 897C23951B6B562C00FC32E9;
			remoteInfo = MandapTak;
		};
/* End PBXContainerItemProxy section */

/* Begin PBXFileReference section */
		75918F6C1B79E9A10082D7EC /* Preference.storyboard */ = {isa = PBXFileReference; fileEncoding = 4; lastKnownFileType = file.storyboard; path = Preference.storyboard; sourceTree = "<group>"; };
		75918F6F1B79E9C50082D7EC /* CustomLabel.h */ = {isa = PBXFileReference; fileEncoding = 4; lastKnownFileType = sourcecode.c.h; path = CustomLabel.h; sourceTree = "<group>"; };
		75918F701B79E9C50082D7EC /* CustomLabel.m */ = {isa = PBXFileReference; fileEncoding = 4; lastKnownFileType = sourcecode.c.objc; path = CustomLabel.m; sourceTree = "<group>"; };
		75918F711B79E9C50082D7EC /* PreferenceVC.h */ = {isa = PBXFileReference; fileEncoding = 4; lastKnownFileType = sourcecode.c.h; path = PreferenceVC.h; sourceTree = "<group>"; };
		75918F721B79E9C50082D7EC /* PreferenceVC.m */ = {isa = PBXFileReference; fileEncoding = 4; lastKnownFileType = sourcecode.c.objc; path = PreferenceVC.m; sourceTree = "<group>"; };
		75918F7C1B79EBD70082D7EC /* SelectedLocationVC.h */ = {isa = PBXFileReference; fileEncoding = 4; lastKnownFileType = sourcecode.c.h; path = SelectedLocationVC.h; sourceTree = "<group>"; };
		75918F7D1B79EBD70082D7EC /* SelectedLocationVC.m */ = {isa = PBXFileReference; fileEncoding = 4; lastKnownFileType = sourcecode.c.objc; path = SelectedLocationVC.m; sourceTree = "<group>"; };
		75918F841B79EC2C0082D7EC /* DegreeListVC.h */ = {isa = PBXFileReference; fileEncoding = 4; lastKnownFileType = sourcecode.c.h; path = DegreeListVC.h; sourceTree = "<group>"; };
		75918F851B79EC2C0082D7EC /* DegreeListVC.m */ = {isa = PBXFileReference; fileEncoding = 4; lastKnownFileType = sourcecode.c.objc; path = DegreeListVC.m; sourceTree = "<group>"; };
		75918F871B79ECBD0082D7EC /* Degree.h */ = {isa = PBXFileReference; fileEncoding = 4; lastKnownFileType = sourcecode.c.h; path = Degree.h; sourceTree = "<group>"; };
		75918F881B79ECBD0082D7EC /* Degree.m */ = {isa = PBXFileReference; fileEncoding = 4; lastKnownFileType = sourcecode.c.objc; path = Degree.m; sourceTree = "<group>"; };
		897C23961B6B562C00FC32E9 /* MandapTak.app */ = {isa = PBXFileReference; explicitFileType = wrapper.application; includeInIndex = 0; path = MandapTak.app; sourceTree = BUILT_PRODUCTS_DIR; };
		897C239A1B6B562C00FC32E9 /* Info.plist */ = {isa = PBXFileReference; lastKnownFileType = text.plist.xml; path = Info.plist; sourceTree = "<group>"; };
		897C239B1B6B562C00FC32E9 /* main.m */ = {isa = PBXFileReference; lastKnownFileType = sourcecode.c.objc; path = main.m; sourceTree = "<group>"; };
		897C23A11B6B562C00FC32E9 /* MandapTak.xcdatamodel */ = {isa = PBXFileReference; lastKnownFileType = wrapper.xcdatamodel; path = MandapTak.xcdatamodel; sourceTree = "<group>"; };
		897C23A91B6B562C00FC32E9 /* Images.xcassets */ = {isa = PBXFileReference; lastKnownFileType = folder.assetcatalog; path = Images.xcassets; sourceTree = "<group>"; };
		897C23AC1B6B562C00FC32E9 /* Base */ = {isa = PBXFileReference; lastKnownFileType = file.xib; name = Base; path = Base.lproj/LaunchScreen.xib; sourceTree = "<group>"; };
		897C23B21B6B562C00FC32E9 /* MandapTakTests.xctest */ = {isa = PBXFileReference; explicitFileType = wrapper.cfbundle; includeInIndex = 0; path = MandapTakTests.xctest; sourceTree = BUILT_PRODUCTS_DIR; };
		897C23B71B6B562C00FC32E9 /* Info.plist */ = {isa = PBXFileReference; lastKnownFileType = text.plist.xml; path = Info.plist; sourceTree = "<group>"; };
		897C23B81B6B562C00FC32E9 /* MandapTakTests.m */ = {isa = PBXFileReference; lastKnownFileType = sourcecode.c.objc; path = MandapTakTests.m; sourceTree = "<group>"; };
		897EF9641B708F2E00F88CEC /* Profile.storyboard */ = {isa = PBXFileReference; fileEncoding = 4; lastKnownFileType = file.storyboard; path = Profile.storyboard; sourceTree = "<group>"; };
		897EF9681B708FE000F88CEC /* ProfileViewController.h */ = {isa = PBXFileReference; fileEncoding = 4; lastKnownFileType = sourcecode.c.h; path = ProfileViewController.h; sourceTree = "<group>"; };
		897EF9691B708FE000F88CEC /* ProfileViewController.m */ = {isa = PBXFileReference; fileEncoding = 4; lastKnownFileType = sourcecode.c.objc; path = ProfileViewController.m; sourceTree = "<group>"; };
		897EF96B1B70901400F88CEC /* EditProfileViewController.h */ = {isa = PBXFileReference; fileEncoding = 4; lastKnownFileType = sourcecode.c.h; path = EditProfileViewController.h; sourceTree = "<group>"; };
		897EF96C1B70901400F88CEC /* EditProfileViewController.m */ = {isa = PBXFileReference; fileEncoding = 4; lastKnownFileType = sourcecode.c.objc; path = EditProfileViewController.m; sourceTree = "<group>"; };
		897EF96E1B70928E00F88CEC /* frame.png */ = {isa = PBXFileReference; lastKnownFileType = image.png; path = frame.png; sourceTree = "<group>"; };
		897EF96F1B70928E00F88CEC /* frame@2x.png */ = {isa = PBXFileReference; lastKnownFileType = image.png; path = "frame@2x.png"; sourceTree = "<group>"; };
		897EF9721B70928E00F88CEC /* qualification.png */ = {isa = PBXFileReference; lastKnownFileType = image.png; path = qualification.png; sourceTree = "<group>"; };
		897EF9731B70928E00F88CEC /* qualification@2x.png */ = {isa = PBXFileReference; lastKnownFileType = image.png; path = "qualification@2x.png"; sourceTree = "<group>"; };
		897EF9741B70928E00F88CEC /* userProfile.png */ = {isa = PBXFileReference; lastKnownFileType = image.png; path = userProfile.png; sourceTree = "<group>"; };
		897EF9751B70928E00F88CEC /* userProfile@2x.png */ = {isa = PBXFileReference; lastKnownFileType = image.png; path = "userProfile@2x.png"; sourceTree = "<group>"; };
		897EF9821B70958F00F88CEC /* measures.png */ = {isa = PBXFileReference; lastKnownFileType = image.png; path = measures.png; sourceTree = "<group>"; };
		897EF9831B70958F00F88CEC /* measures@2x.png */ = {isa = PBXFileReference; lastKnownFileType = image.png; path = "measures@2x.png"; sourceTree = "<group>"; };
		898146331B7C6E5900DF30AB /* TextFieldTableViewCell.h */ = {isa = PBXFileReference; fileEncoding = 4; lastKnownFileType = sourcecode.c.h; path = TextFieldTableViewCell.h; sourceTree = "<group>"; };
		898146341B7C6E5900DF30AB /* TextFieldTableViewCell.m */ = {isa = PBXFileReference; fileEncoding = 4; lastKnownFileType = sourcecode.c.objc; path = TextFieldTableViewCell.m; sourceTree = "<group>"; };
		898430481B788C040071A423 /* EditProfileTab1ViewController.h */ = {isa = PBXFileReference; fileEncoding = 4; lastKnownFileType = sourcecode.c.h; path = EditProfileTab1ViewController.h; sourceTree = "<group>"; };
		898430491B788C040071A423 /* EditProfileTab1ViewController.m */ = {isa = PBXFileReference; fileEncoding = 4; lastKnownFileType = sourcecode.c.objc; path = EditProfileTab1ViewController.m; sourceTree = "<group>"; };
		899170441B70B5D0000CF872 /* next.png */ = {isa = PBXFileReference; lastKnownFileType = image.png; path = next.png; sourceTree = "<group>"; };
		899170451B70B5D0000CF872 /* next@2x.png */ = {isa = PBXFileReference; lastKnownFileType = image.png; path = "next@2x.png"; sourceTree = "<group>"; };
		899170581B70D458000CF872 /* WYPopoverController.h */ = {isa = PBXFileReference; fileEncoding = 4; lastKnownFileType = sourcecode.c.h; path = WYPopoverController.h; sourceTree = "<group>"; };
		899170591B70D458000CF872 /* WYPopoverController.m */ = {isa = PBXFileReference; fileEncoding = 4; lastKnownFileType = sourcecode.c.objc; path = WYPopoverController.m; sourceTree = "<group>"; };
		8991705A1B70D458000CF872 /* WYStoryboardPopoverSegue.h */ = {isa = PBXFileReference; fileEncoding = 4; lastKnownFileType = sourcecode.c.h; path = WYStoryboardPopoverSegue.h; sourceTree = "<group>"; };
		8991705B1B70D458000CF872 /* WYStoryboardPopoverSegue.m */ = {isa = PBXFileReference; fileEncoding = 4; lastKnownFileType = sourcecode.c.objc; path = WYStoryboardPopoverSegue.m; sourceTree = "<group>"; };
		899170621B70E0BF000CF872 /* ARCMacros.h */ = {isa = PBXFileReference; fileEncoding = 4; lastKnownFileType = sourcecode.c.h; path = ARCMacros.h; sourceTree = "<group>"; };
		899170631B70E0BF000CF872 /* FPPopoverController.h */ = {isa = PBXFileReference; fileEncoding = 4; lastKnownFileType = sourcecode.c.h; path = FPPopoverController.h; sourceTree = "<group>"; };
		899170641B70E0BF000CF872 /* FPPopoverController.m */ = {isa = PBXFileReference; fileEncoding = 4; lastKnownFileType = sourcecode.c.objc; path = FPPopoverController.m; sourceTree = "<group>"; };
		899170651B70E0BF000CF872 /* FPPopoverView.h */ = {isa = PBXFileReference; fileEncoding = 4; lastKnownFileType = sourcecode.c.h; path = FPPopoverView.h; sourceTree = "<group>"; };
		899170661B70E0BF000CF872 /* FPPopoverView.m */ = {isa = PBXFileReference; fileEncoding = 4; lastKnownFileType = sourcecode.c.objc; path = FPPopoverView.m; sourceTree = "<group>"; };
		899170671B70E0BF000CF872 /* FPTouchView.h */ = {isa = PBXFileReference; fileEncoding = 4; lastKnownFileType = sourcecode.c.h; path = FPTouchView.h; sourceTree = "<group>"; };
		899170681B70E0BF000CF872 /* FPTouchView.m */ = {isa = PBXFileReference; fileEncoding = 4; lastKnownFileType = sourcecode.c.objc; path = FPTouchView.m; sourceTree = "<group>"; };
		899170761B70E743000CF872 /* profile-edit.png */ = {isa = PBXFileReference; lastKnownFileType = image.png; path = "profile-edit.png"; sourceTree = "<group>"; };
		899170771B70E743000CF872 /* profile-edit@2x.png */ = {isa = PBXFileReference; lastKnownFileType = image.png; path = "profile-edit@2x.png"; sourceTree = "<group>"; };
		8991707A1B70E80C000CF872 /* calendar.png */ = {isa = PBXFileReference; lastKnownFileType = image.png; path = calendar.png; sourceTree = "<group>"; };
		8991707B1B70E80C000CF872 /* calendar@2x.png */ = {isa = PBXFileReference; lastKnownFileType = image.png; path = "calendar@2x.png"; sourceTree = "<group>"; };
		8991707C1B70E80C000CF872 /* gender.png */ = {isa = PBXFileReference; lastKnownFileType = image.png; path = gender.png; sourceTree = "<group>"; };
		8991707D1B70E80C000CF872 /* gender@2x.png */ = {isa = PBXFileReference; lastKnownFileType = image.png; path = "gender@2x.png"; sourceTree = "<group>"; };
		899170821B70E849000CF872 /* location.png */ = {isa = PBXFileReference; lastKnownFileType = image.png; path = location.png; sourceTree = "<group>"; };
		899170831B70E849000CF872 /* location@2x.png */ = {isa = PBXFileReference; lastKnownFileType = image.png; path = "location@2x.png"; sourceTree = "<group>"; };
		899C536B1B732B6500C24DA8 /* GenderViewController.h */ = {isa = PBXFileReference; fileEncoding = 4; lastKnownFileType = sourcecode.c.h; path = GenderViewController.h; sourceTree = "<group>"; };
		899C536C1B732B6500C24DA8 /* GenderViewController.m */ = {isa = PBXFileReference; fileEncoding = 4; lastKnownFileType = sourcecode.c.objc; path = GenderViewController.m; sourceTree = "<group>"; };
		899C536E1B732B6500C24DA8 /* PopOverListViewController.h */ = {isa = PBXFileReference; fileEncoding = 4; lastKnownFileType = sourcecode.c.h; path = PopOverListViewController.h; sourceTree = "<group>"; };
		899C536F1B732B6500C24DA8 /* PopOverListViewController.m */ = {isa = PBXFileReference; fileEncoding = 4; lastKnownFileType = sourcecode.c.objc; path = PopOverListViewController.m; sourceTree = "<group>"; };
		899C53721B732B9700C24DA8 /* DateOfBirthPopoverViewController.h */ = {isa = PBXFileReference; fileEncoding = 4; lastKnownFileType = sourcecode.c.h; path = DateOfBirthPopoverViewController.h; sourceTree = "<group>"; };
		899C53731B732B9700C24DA8 /* DateOfBirthPopoverViewController.m */ = {isa = PBXFileReference; fileEncoding = 4; lastKnownFileType = sourcecode.c.objc; path = DateOfBirthPopoverViewController.m; sourceTree = "<group>"; };
		899C53761B73363300C24DA8 /* ServiceManager.h */ = {isa = PBXFileReference; fileEncoding = 4; lastKnownFileType = sourcecode.c.h; path = ServiceManager.h; sourceTree = "<group>"; };
		899C53771B73363300C24DA8 /* ServiceManager.m */ = {isa = PBXFileReference; fileEncoding = 4; lastKnownFileType = sourcecode.c.objc; path = ServiceManager.m; sourceTree = "<group>"; };
		899C53791B73365900C24DA8 /* CommonMacros.h */ = {isa = PBXFileReference; lastKnownFileType = sourcecode.c.h; path = CommonMacros.h; sourceTree = "<group>"; };
		899C537A1B7339EB00C24DA8 /* MBProgressHUD.h */ = {isa = PBXFileReference; fileEncoding = 4; lastKnownFileType = sourcecode.c.h; path = MBProgressHUD.h; sourceTree = "<group>"; };
		899C537B1B7339EB00C24DA8 /* MBProgressHUD.m */ = {isa = PBXFileReference; fileEncoding = 4; lastKnownFileType = sourcecode.c.objc; path = MBProgressHUD.m; sourceTree = "<group>"; };
		899C537D1B73447B00C24DA8 /* Location.h */ = {isa = PBXFileReference; fileEncoding = 4; lastKnownFileType = sourcecode.c.h; path = Location.h; sourceTree = "<group>"; };
		899C537E1B73447B00C24DA8 /* Location.m */ = {isa = PBXFileReference; fileEncoding = 4; lastKnownFileType = sourcecode.c.objc; path = Location.m; sourceTree = "<group>"; };
		899C53811B7383C200C24DA8 /* HeightPopoverViewController.h */ = {isa = PBXFileReference; fileEncoding = 4; lastKnownFileType = sourcecode.c.h; path = HeightPopoverViewController.h; sourceTree = "<group>"; };
		899C53821B7383C200C24DA8 /* HeightPopoverViewController.m */ = {isa = PBXFileReference; fileEncoding = 4; lastKnownFileType = sourcecode.c.objc; path = HeightPopoverViewController.m; sourceTree = "<group>"; };
		899CBDE61B75FF3A00D1778A /* menu_white.png */ = {isa = PBXFileReference; lastKnownFileType = image.png; path = menu_white.png; sourceTree = "<group>"; };
		899CBDE91B75FFEE00D1778A /* BirthTimePopoverViewController.h */ = {isa = PBXFileReference; fileEncoding = 4; lastKnownFileType = sourcecode.c.h; path = BirthTimePopoverViewController.h; sourceTree = "<group>"; };
		899CBDEA1B75FFEE00D1778A /* BirthTimePopoverViewController.m */ = {isa = PBXFileReference; fileEncoding = 4; lastKnownFileType = sourcecode.c.objc; path = BirthTimePopoverViewController.m; sourceTree = "<group>"; };
		89D9F7211B6B578C004CBE3D /* AppDelegate.h */ = {isa = PBXFileReference; fileEncoding = 4; lastKnownFileType = sourcecode.c.h; path = AppDelegate.h; sourceTree = "<group>"; };
		89D9F7221B6B578C004CBE3D /* AppDelegate.m */ = {isa = PBXFileReference; fileEncoding = 4; lastKnownFileType = sourcecode.c.objc; path = AppDelegate.m; sourceTree = "<group>"; };
		89D9F7281B6B579E004CBE3D /* UserProfileViewController.h */ = {isa = PBXFileReference; fileEncoding = 4; lastKnownFileType = sourcecode.c.h; path = UserProfileViewController.h; sourceTree = "<group>"; };
		89D9F7291B6B579E004CBE3D /* UserProfileViewController.m */ = {isa = PBXFileReference; fileEncoding = 4; lastKnownFileType = sourcecode.c.objc; path = UserProfileViewController.m; sourceTree = "<group>"; };
		89D9F72B1B6B579E004CBE3D /* SideBarViewController.h */ = {isa = PBXFileReference; fileEncoding = 4; lastKnownFileType = sourcecode.c.h; path = SideBarViewController.h; sourceTree = "<group>"; };
		89D9F72C1B6B579E004CBE3D /* SideBarViewController.m */ = {isa = PBXFileReference; fileEncoding = 4; lastKnownFileType = sourcecode.c.objc; path = SideBarViewController.m; sourceTree = "<group>"; };
		89D9F72E1B6B579E004CBE3D /* StartMainViewController.h */ = {isa = PBXFileReference; fileEncoding = 4; lastKnownFileType = sourcecode.c.h; path = StartMainViewController.h; sourceTree = "<group>"; };
		89D9F72F1B6B579E004CBE3D /* StartMainViewController.m */ = {isa = PBXFileReference; fileEncoding = 4; lastKnownFileType = sourcecode.c.objc; path = StartMainViewController.m; sourceTree = "<group>"; };
		89D9F7301B6B579E004CBE3D /* TutorialContentViewController.h */ = {isa = PBXFileReference; fileEncoding = 4; lastKnownFileType = sourcecode.c.h; path = TutorialContentViewController.h; sourceTree = "<group>"; };
		89D9F7311B6B579E004CBE3D /* TutorialContentViewController.m */ = {isa = PBXFileReference; fileEncoding = 4; lastKnownFileType = sourcecode.c.objc; path = TutorialContentViewController.m; sourceTree = "<group>"; };
		89D9F7371B6B57A8004CBE3D /* Constants.h */ = {isa = PBXFileReference; fileEncoding = 4; lastKnownFileType = sourcecode.c.h; path = Constants.h; sourceTree = "<group>"; };
		89D9F7391B6B57A8004CBE3D /* SWRevealViewController.h */ = {isa = PBXFileReference; fileEncoding = 4; lastKnownFileType = sourcecode.c.h; path = SWRevealViewController.h; sourceTree = "<group>"; };
		89D9F73A1B6B57A8004CBE3D /* SWRevealViewController.m */ = {isa = PBXFileReference; fileEncoding = 4; lastKnownFileType = sourcecode.c.objc; path = SWRevealViewController.m; sourceTree = "<group>"; };
		89D9F73E1B6B582C004CBE3D /* Main.storyboard */ = {isa = PBXFileReference; fileEncoding = 4; lastKnownFileType = file.storyboard; path = Main.storyboard; sourceTree = "<group>"; };
		89D9F7401B6B5905004CBE3D /* libstdc++.6.dylib */ = {isa = PBXFileReference; lastKnownFileType = "compiled.mach-o.dylib"; name = "libstdc++.6.dylib"; path = "usr/lib/libstdc++.6.dylib"; sourceTree = SDKROOT; };
		89D9F7421B6B590F004CBE3D /* CoreLocation.framework */ = {isa = PBXFileReference; lastKnownFileType = wrapper.framework; name = CoreLocation.framework; path = System/Library/Frameworks/CoreLocation.framework; sourceTree = SDKROOT; };
		89D9F7441B6B591C004CBE3D /* StoreKit.framework */ = {isa = PBXFileReference; lastKnownFileType = wrapper.framework; name = StoreKit.framework; path = System/Library/Frameworks/StoreKit.framework; sourceTree = SDKROOT; };
		89D9F7461B6B5927004CBE3D /* CoreGraphics.framework */ = {isa = PBXFileReference; lastKnownFileType = wrapper.framework; name = CoreGraphics.framework; path = System/Library/Frameworks/CoreGraphics.framework; sourceTree = SDKROOT; };
		89D9F7481B6B592E004CBE3D /* libsqlite3.dylib */ = {isa = PBXFileReference; lastKnownFileType = "compiled.mach-o.dylib"; name = libsqlite3.dylib; path = usr/lib/libsqlite3.dylib; sourceTree = SDKROOT; };
		89D9F74A1B6B5982004CBE3D /* QuartzCore.framework */ = {isa = PBXFileReference; lastKnownFileType = wrapper.framework; name = QuartzCore.framework; path = System/Library/Frameworks/QuartzCore.framework; sourceTree = SDKROOT; };
		89D9F74C1B6B5988004CBE3D /* libz.1.1.3.dylib */ = {isa = PBXFileReference; lastKnownFileType = "compiled.mach-o.dylib"; name = libz.1.1.3.dylib; path = usr/lib/libz.1.1.3.dylib; sourceTree = SDKROOT; };
		89D9F74E1B6B5993004CBE3D /* Security.framework */ = {isa = PBXFileReference; lastKnownFileType = wrapper.framework; name = Security.framework; path = System/Library/Frameworks/Security.framework; sourceTree = SDKROOT; };
		89D9F7501B6B5998004CBE3D /* AudioToolbox.framework */ = {isa = PBXFileReference; lastKnownFileType = wrapper.framework; name = AudioToolbox.framework; path = System/Library/Frameworks/AudioToolbox.framework; sourceTree = SDKROOT; };
		89D9F7521B6B59AD004CBE3D /* SystemConfiguration.framework */ = {isa = PBXFileReference; lastKnownFileType = wrapper.framework; name = SystemConfiguration.framework; path = System/Library/Frameworks/SystemConfiguration.framework; sourceTree = SDKROOT; };
		89D9F7541B6B59C6004CBE3D /* CFNetwork.framework */ = {isa = PBXFileReference; lastKnownFileType = wrapper.framework; name = CFNetwork.framework; path = System/Library/Frameworks/CFNetwork.framework; sourceTree = SDKROOT; };
		89D9F7561B6B59CB004CBE3D /* Foundation.framework */ = {isa = PBXFileReference; lastKnownFileType = wrapper.framework; name = Foundation.framework; path = System/Library/Frameworks/Foundation.framework; sourceTree = SDKROOT; };
		89D9F7581B6B59DC004CBE3D /* UIKit.framework */ = {isa = PBXFileReference; lastKnownFileType = wrapper.framework; name = UIKit.framework; path = System/Library/Frameworks/UIKit.framework; sourceTree = SDKROOT; };
		89D9F75E1B6B5C7B004CBE3D /* Parse.framework */ = {isa = PBXFileReference; lastKnownFileType = wrapper.framework; name = Parse.framework; path = ../Parse.framework; sourceTree = "<group>"; };
		89D9F7601B6B5D78004CBE3D /* Bolts.framework */ = {isa = PBXFileReference; lastKnownFileType = wrapper.framework; name = Bolts.framework; path = ../Bolts.framework; sourceTree = "<group>"; };
		89D9F7651B6B5DB4004CBE3D /* heart_icon.png */ = {isa = PBXFileReference; lastKnownFileType = image.png; path = heart_icon.png; sourceTree = "<group>"; };
		89D9F7661B6B5DB4004CBE3D /* menu_icon.png */ = {isa = PBXFileReference; lastKnownFileType = image.png; path = menu_icon.png; sourceTree = "<group>"; };
		89D9F7671B6B5DB4004CBE3D /* Profile-3.png */ = {isa = PBXFileReference; lastKnownFileType = image.png; path = "Profile-3.png"; sourceTree = "<group>"; };
		89D9F7681B6B5DB4004CBE3D /* Profile_1.png */ = {isa = PBXFileReference; lastKnownFileType = image.png; path = Profile_1.png; sourceTree = "<group>"; };
		89D9F7691B6B5DB4004CBE3D /* Profile_2.png */ = {isa = PBXFileReference; lastKnownFileType = image.png; path = Profile_2.png; sourceTree = "<group>"; };
		89D9F76A1B6B5DB4004CBE3D /* share_icon.png */ = {isa = PBXFileReference; lastKnownFileType = image.png; path = share_icon.png; sourceTree = "<group>"; };
		89D9F76C1B6B5DB4004CBE3D /* backgroundImage.png */ = {isa = PBXFileReference; lastKnownFileType = image.png; path = backgroundImage.png; sourceTree = "<group>"; };
		89D9F76D1B6B5DB4004CBE3D /* backgroundImages.png */ = {isa = PBXFileReference; lastKnownFileType = image.png; path = backgroundImages.png; sourceTree = "<group>"; };
		89D9F76E1B6B5DB4004CBE3D /* call_icon.png */ = {isa = PBXFileReference; lastKnownFileType = image.png; path = call_icon.png; sourceTree = "<group>"; };
		89D9F76F1B6B5DB4004CBE3D /* Fake_icon.png */ = {isa = PBXFileReference; lastKnownFileType = image.png; path = Fake_icon.png; sourceTree = "<group>"; };
		89D9F7701B6B5DB4004CBE3D /* Kundli_icon.png */ = {isa = PBXFileReference; lastKnownFileType = image.png; path = Kundli_icon.png; sourceTree = "<group>"; };
		89D9F7711B6B5DB4004CBE3D /* Matches_icon.png */ = {isa = PBXFileReference; lastKnownFileType = image.png; path = Matches_icon.png; sourceTree = "<group>"; };
		89D9F7721B6B5DB4004CBE3D /* Spam_icon.png */ = {isa = PBXFileReference; lastKnownFileType = image.png; path = Spam_icon.png; sourceTree = "<group>"; };
		89D9F7731B6B5DB4004CBE3D /* Weeding_icon.png */ = {isa = PBXFileReference; lastKnownFileType = image.png; path = Weeding_icon.png; sourceTree = "<group>"; };
		89D9F7761B6B5DB4004CBE3D /* preferences.png */ = {isa = PBXFileReference; lastKnownFileType = image.png; path = preferences.png; sourceTree = "<group>"; };
		89D9F7771B6B5DB4004CBE3D /* preferences@2x.png */ = {isa = PBXFileReference; lastKnownFileType = image.png; path = "preferences@2x.png"; sourceTree = "<group>"; };
		89D9F7781B6B5DB4004CBE3D /* profile.png */ = {isa = PBXFileReference; lastKnownFileType = image.png; path = profile.png; sourceTree = "<group>"; };
		89D9F7791B6B5DB4004CBE3D /* profile@2x.png */ = {isa = PBXFileReference; lastKnownFileType = image.png; path = "profile@2x.png"; sourceTree = "<group>"; };
		89D9F77A1B6B5DB4004CBE3D /* setting.png */ = {isa = PBXFileReference; lastKnownFileType = image.png; path = setting.png; sourceTree = "<group>"; };
		89D9F77B1B6B5DB4004CBE3D /* setting@2x.png */ = {isa = PBXFileReference; lastKnownFileType = image.png; path = "setting@2x.png"; sourceTree = "<group>"; };
		89E8D9371B78AF3F008A8E2F /* BasicProfileViewController.h */ = {isa = PBXFileReference; fileEncoding = 4; lastKnownFileType = sourcecode.c.h; path = BasicProfileViewController.h; sourceTree = "<group>"; };
		89E8D9381B78AF3F008A8E2F /* BasicProfileViewController.m */ = {isa = PBXFileReference; fileEncoding = 4; lastKnownFileType = sourcecode.c.objc; path = BasicProfileViewController.m; sourceTree = "<group>"; };
		89E8D93A1B78CFF1008A8E2F /* DetailProfileViewController.h */ = {isa = PBXFileReference; fileEncoding = 4; lastKnownFileType = sourcecode.c.h; path = DetailProfileViewController.h; sourceTree = "<group>"; };
		89E8D93B1B78CFF1008A8E2F /* DetailProfileViewController.m */ = {isa = PBXFileReference; fileEncoding = 4; lastKnownFileType = sourcecode.c.objc; path = DetailProfileViewController.m; sourceTree = "<group>"; };
/* End PBXFileReference section */

/* Begin PBXFrameworksBuildPhase section */
		897C23931B6B562C00FC32E9 /* Frameworks */ = {
			isa = PBXFrameworksBuildPhase;
			buildActionMask = 2147483647;
			files = (
				89D9F7591B6B59DC004CBE3D /* UIKit.framework in Frameworks */,
				89D9F7901B6B5DE1004CBE3D /* Bolts.framework in Frameworks */,
				89D9F7911B6B5DE1004CBE3D /* Parse.framework in Frameworks */,
				89D9F7571B6B59CB004CBE3D /* Foundation.framework in Frameworks */,
				89D9F7551B6B59C6004CBE3D /* CFNetwork.framework in Frameworks */,
				89D9F7531B6B59AD004CBE3D /* SystemConfiguration.framework in Frameworks */,
				89D9F7511B6B5998004CBE3D /* AudioToolbox.framework in Frameworks */,
				89D9F74F1B6B5993004CBE3D /* Security.framework in Frameworks */,
				89D9F74D1B6B5988004CBE3D /* libz.1.1.3.dylib in Frameworks */,
				89D9F74B1B6B5982004CBE3D /* QuartzCore.framework in Frameworks */,
				89D9F7491B6B592E004CBE3D /* libsqlite3.dylib in Frameworks */,
				89D9F7471B6B5927004CBE3D /* CoreGraphics.framework in Frameworks */,
				89D9F7451B6B591C004CBE3D /* StoreKit.framework in Frameworks */,
				89D9F7431B6B590F004CBE3D /* CoreLocation.framework in Frameworks */,
				89D9F7411B6B5905004CBE3D /* libstdc++.6.dylib in Frameworks */,
			);
			runOnlyForDeploymentPostprocessing = 0;
		};
		897C23AF1B6B562C00FC32E9 /* Frameworks */ = {
			isa = PBXFrameworksBuildPhase;
			buildActionMask = 2147483647;
			files = (
			);
			runOnlyForDeploymentPostprocessing = 0;
		};
/* End PBXFrameworksBuildPhase section */

/* Begin PBXGroup section */
		75918F6E1B79E9C50082D7EC /* Preferences */ = {
			isa = PBXGroup;
			children = (
				75918F6F1B79E9C50082D7EC /* CustomLabel.h */,
				75918F701B79E9C50082D7EC /* CustomLabel.m */,
				75918F711B79E9C50082D7EC /* PreferenceVC.h */,
				75918F721B79E9C50082D7EC /* PreferenceVC.m */,
			);
			path = Preferences;
			sourceTree = "<group>";
		};
		75918F7A1B79EBD70082D7EC /* SelectedLocation */ = {
			isa = PBXGroup;
			children = (
				75918F7C1B79EBD70082D7EC /* SelectedLocationVC.h */,
				75918F7D1B79EBD70082D7EC /* SelectedLocationVC.m */,
			);
			path = SelectedLocation;
			sourceTree = "<group>";
		};
		75918F831B79EC2C0082D7EC /* DegreePopover */ = {
			isa = PBXGroup;
			children = (
				75918F841B79EC2C0082D7EC /* DegreeListVC.h */,
				75918F851B79EC2C0082D7EC /* DegreeListVC.m */,
			);
			path = DegreePopover;
			sourceTree = "<group>";
		};
		897C238D1B6B562C00FC32E9 = {
			isa = PBXGroup;
			children = (
				897C23981B6B562C00FC32E9 /* MandapTak */,
				897C23B51B6B562C00FC32E9 /* MandapTakTests */,
				897C23971B6B562C00FC32E9 /* Products */,
			);
			sourceTree = "<group>";
		};
		897C23971B6B562C00FC32E9 /* Products */ = {
			isa = PBXGroup;
			children = (
				897C23961B6B562C00FC32E9 /* MandapTak.app */,
				897C23B21B6B562C00FC32E9 /* MandapTakTests.xctest */,
			);
			name = Products;
			sourceTree = "<group>";
		};
		897C23981B6B562C00FC32E9 /* MandapTak */ = {
			isa = PBXGroup;
			children = (
				899C53751B73361600C24DA8 /* ServiceManager */,
				89D9F7621B6B5DB4004CBE3D /* Images */,
				89D9F73E1B6B582C004CBE3D /* Main.storyboard */,
				897EF9641B708F2E00F88CEC /* Profile.storyboard */,
				75918F6C1B79E9A10082D7EC /* Preference.storyboard */,
				89D9F7361B6B57A8004CBE3D /* Utils */,
				89D9F7261B6B579E004CBE3D /* Classes */,
				89D9F7251B6B5797004CBE3D /* Models */,
				89D9F7241B6B5792004CBE3D /* Frameworks */,
				89D9F7201B6B578C004CBE3D /* Core */,
				897C23A91B6B562C00FC32E9 /* Images.xcassets */,
				897C23AB1B6B562C00FC32E9 /* LaunchScreen.xib */,
				897C23A01B6B562C00FC32E9 /* MandapTak.xcdatamodeld */,
				897C23991B6B562C00FC32E9 /* Supporting Files */,
			);
			path = MandapTak;
			sourceTree = "<group>";
		};
		897C23991B6B562C00FC32E9 /* Supporting Files */ = {
			isa = PBXGroup;
			children = (
				897C239A1B6B562C00FC32E9 /* Info.plist */,
				897C239B1B6B562C00FC32E9 /* main.m */,
			);
			name = "Supporting Files";
			sourceTree = "<group>";
		};
		897C23B51B6B562C00FC32E9 /* MandapTakTests */ = {
			isa = PBXGroup;
			children = (
				897C23B81B6B562C00FC32E9 /* MandapTakTests.m */,
				897C23B61B6B562C00FC32E9 /* Supporting Files */,
			);
			path = MandapTakTests;
			sourceTree = "<group>";
		};
		897C23B61B6B562C00FC32E9 /* Supporting Files */ = {
			isa = PBXGroup;
			children = (
				897C23B71B6B562C00FC32E9 /* Info.plist */,
			);
			name = "Supporting Files";
			sourceTree = "<group>";
		};
		897EF9661B708FE000F88CEC /* ProfileViewController */ = {
			isa = PBXGroup;
			children = (
				897EF9671B708FE000F88CEC /* EditProfileViewController */,
				897EF9681B708FE000F88CEC /* ProfileViewController.h */,
				897EF9691B708FE000F88CEC /* ProfileViewController.m */,
			);
			path = ProfileViewController;
			sourceTree = "<group>";
		};
		897EF9671B708FE000F88CEC /* EditProfileViewController */ = {
			isa = PBXGroup;
			children = (
				898146321B7C6E1A00DF30AB /* CustomCells */,
				89E8D9351B78AF29008A8E2F /* BasicProfileViewController */,
				89E8D9361B78AF29008A8E2F /* DetailProfileViewController */,
				897EF96B1B70901400F88CEC /* EditProfileViewController.h */,
				897EF96C1B70901400F88CEC /* EditProfileViewController.m */,
				898430481B788C040071A423 /* EditProfileTab1ViewController.h */,
				898430491B788C040071A423 /* EditProfileTab1ViewController.m */,
			);
			path = EditProfileViewController;
			sourceTree = "<group>";
		};
		898146321B7C6E1A00DF30AB /* CustomCells */ = {
			isa = PBXGroup;
			children = (
				898146331B7C6E5900DF30AB /* TextFieldTableViewCell.h */,
				898146341B7C6E5900DF30AB /* TextFieldTableViewCell.m */,
			);
			path = CustomCells;
			sourceTree = "<group>";
		};
		899170571B70D458000CF872 /* WYPopoverController */ = {
			isa = PBXGroup;
			children = (
				899170581B70D458000CF872 /* WYPopoverController.h */,
				899170591B70D458000CF872 /* WYPopoverController.m */,
				8991705A1B70D458000CF872 /* WYStoryboardPopoverSegue.h */,
				8991705B1B70D458000CF872 /* WYStoryboardPopoverSegue.m */,
			);
			path = WYPopoverController;
			sourceTree = "<group>";
		};
		899170611B70E0BF000CF872 /* FPPopover */ = {
			isa = PBXGroup;
			children = (
				899170621B70E0BF000CF872 /* ARCMacros.h */,
				899170631B70E0BF000CF872 /* FPPopoverController.h */,
				899170641B70E0BF000CF872 /* FPPopoverController.m */,
				899170651B70E0BF000CF872 /* FPPopoverView.h */,
				899170661B70E0BF000CF872 /* FPPopoverView.m */,
				899170671B70E0BF000CF872 /* FPTouchView.h */,
				899170681B70E0BF000CF872 /* FPTouchView.m */,
			);
			path = FPPopover;
			sourceTree = "<group>";
		};
		899C53681B732B6500C24DA8 /* Popovers */ = {
			isa = PBXGroup;
			children = (
				75918F831B79EC2C0082D7EC /* DegreePopover */,
				899CBDE81B75FFD900D1778A /* BirthTimePopover */,
				899C53801B7383A700C24DA8 /* HeightPopover */,
				899C53691B732B6500C24DA8 /* DateOfBirthPopover */,
				899C536A1B732B6500C24DA8 /* GenderPopover */,
				899C536D1B732B6500C24DA8 /* PopoverListView */,
				75918F7A1B79EBD70082D7EC /* SelectedLocation */,
			);
			path = Popovers;
			sourceTree = "<group>";
		};
		899C53691B732B6500C24DA8 /* DateOfBirthPopover */ = {
			isa = PBXGroup;
			children = (
				899C53721B732B9700C24DA8 /* DateOfBirthPopoverViewController.h */,
				899C53731B732B9700C24DA8 /* DateOfBirthPopoverViewController.m */,
			);
			path = DateOfBirthPopover;
			sourceTree = "<group>";
		};
		899C536A1B732B6500C24DA8 /* GenderPopover */ = {
			isa = PBXGroup;
			children = (
				899C536B1B732B6500C24DA8 /* GenderViewController.h */,
				899C536C1B732B6500C24DA8 /* GenderViewController.m */,
			);
			path = GenderPopover;
			sourceTree = "<group>";
		};
		899C536D1B732B6500C24DA8 /* PopoverListView */ = {
			isa = PBXGroup;
			children = (
				899C536E1B732B6500C24DA8 /* PopOverListViewController.h */,
				899C536F1B732B6500C24DA8 /* PopOverListViewController.m */,
			);
			path = PopoverListView;
			sourceTree = "<group>";
		};
		899C53751B73361600C24DA8 /* ServiceManager */ = {
			isa = PBXGroup;
			children = (
				899C53761B73363300C24DA8 /* ServiceManager.h */,
				899C53771B73363300C24DA8 /* ServiceManager.m */,
			);
			name = ServiceManager;
			path = Classes/ServiceManager;
			sourceTree = "<group>";
		};
		899C53801B7383A700C24DA8 /* HeightPopover */ = {
			isa = PBXGroup;
			children = (
				899C53811B7383C200C24DA8 /* HeightPopoverViewController.h */,
				899C53821B7383C200C24DA8 /* HeightPopoverViewController.m */,
			);
			path = HeightPopover;
			sourceTree = "<group>";
		};
		899CBDE81B75FFD900D1778A /* BirthTimePopover */ = {
			isa = PBXGroup;
			children = (
				899CBDE91B75FFEE00D1778A /* BirthTimePopoverViewController.h */,
				899CBDEA1B75FFEE00D1778A /* BirthTimePopoverViewController.m */,
			);
			path = BirthTimePopover;
			sourceTree = "<group>";
		};
		89D9F7201B6B578C004CBE3D /* Core */ = {
			isa = PBXGroup;
			children = (
				89D9F7211B6B578C004CBE3D /* AppDelegate.h */,
				89D9F7221B6B578C004CBE3D /* AppDelegate.m */,
			);
			path = Core;
			sourceTree = "<group>";
		};
		89D9F7241B6B5792004CBE3D /* Frameworks */ = {
			isa = PBXGroup;
			children = (
				89D9F7601B6B5D78004CBE3D /* Bolts.framework */,
				89D9F75E1B6B5C7B004CBE3D /* Parse.framework */,
				89D9F7581B6B59DC004CBE3D /* UIKit.framework */,
				89D9F7561B6B59CB004CBE3D /* Foundation.framework */,
				89D9F7541B6B59C6004CBE3D /* CFNetwork.framework */,
				89D9F7521B6B59AD004CBE3D /* SystemConfiguration.framework */,
				89D9F7501B6B5998004CBE3D /* AudioToolbox.framework */,
				89D9F74E1B6B5993004CBE3D /* Security.framework */,
				89D9F74C1B6B5988004CBE3D /* libz.1.1.3.dylib */,
				89D9F74A1B6B5982004CBE3D /* QuartzCore.framework */,
				89D9F7481B6B592E004CBE3D /* libsqlite3.dylib */,
				89D9F7401B6B5905004CBE3D /* libstdc++.6.dylib */,
				89D9F7461B6B5927004CBE3D /* CoreGraphics.framework */,
				89D9F7441B6B591C004CBE3D /* StoreKit.framework */,
				89D9F7421B6B590F004CBE3D /* CoreLocation.framework */,
			);
			path = Frameworks;
			sourceTree = "<group>";
		};
		89D9F7251B6B5797004CBE3D /* Models */ = {
			isa = PBXGroup;
			children = (
				899C537D1B73447B00C24DA8 /* Location.h */,
				899C537E1B73447B00C24DA8 /* Location.m */,
				75918F871B79ECBD0082D7EC /* Degree.h */,
				75918F881B79ECBD0082D7EC /* Degree.m */,
			);
			path = Models;
			sourceTree = "<group>";
		};
		89D9F7261B6B579E004CBE3D /* Classes */ = {
			isa = PBXGroup;
			children = (
				75918F6E1B79E9C50082D7EC /* Preferences */,
				899C53681B732B6500C24DA8 /* Popovers */,
				897EF9661B708FE000F88CEC /* ProfileViewController */,
				89D9F7271B6B579E004CBE3D /* CandidateProfileHomeScreen */,
				89D9F72A1B6B579E004CBE3D /* SideMenuViewController */,
				89D9F72D1B6B579E004CBE3D /* TutorialViewController */,
			);
			path = Classes;
			sourceTree = "<group>";
		};
		89D9F7271B6B579E004CBE3D /* CandidateProfileHomeScreen */ = {
			isa = PBXGroup;
			children = (
				89D9F7281B6B579E004CBE3D /* UserProfileViewController.h */,
				89D9F7291B6B579E004CBE3D /* UserProfileViewController.m */,
			);
			path = CandidateProfileHomeScreen;
			sourceTree = "<group>";
		};
		89D9F72A1B6B579E004CBE3D /* SideMenuViewController */ = {
			isa = PBXGroup;
			children = (
				89D9F72B1B6B579E004CBE3D /* SideBarViewController.h */,
				89D9F72C1B6B579E004CBE3D /* SideBarViewController.m */,
			);
			path = SideMenuViewController;
			sourceTree = "<group>";
		};
		89D9F72D1B6B579E004CBE3D /* TutorialViewController */ = {
			isa = PBXGroup;
			children = (
				89D9F72E1B6B579E004CBE3D /* StartMainViewController.h */,
				89D9F72F1B6B579E004CBE3D /* StartMainViewController.m */,
				89D9F7301B6B579E004CBE3D /* TutorialContentViewController.h */,
				89D9F7311B6B579E004CBE3D /* TutorialContentViewController.m */,
			);
			path = TutorialViewController;
			sourceTree = "<group>";
		};
		89D9F7361B6B57A8004CBE3D /* Utils */ = {
			isa = PBXGroup;
			children = (
				899C537A1B7339EB00C24DA8 /* MBProgressHUD.h */,
				899C537B1B7339EB00C24DA8 /* MBProgressHUD.m */,
				899C53791B73365900C24DA8 /* CommonMacros.h */,
				899170611B70E0BF000CF872 /* FPPopover */,
				899170571B70D458000CF872 /* WYPopoverController */,
				89D9F7371B6B57A8004CBE3D /* Constants.h */,
				89D9F7381B6B57A8004CBE3D /* SWRevealViewController */,
			);
			path = Utils;
			sourceTree = "<group>";
		};
		89D9F7381B6B57A8004CBE3D /* SWRevealViewController */ = {
			isa = PBXGroup;
			children = (
				89D9F7391B6B57A8004CBE3D /* SWRevealViewController.h */,
				89D9F73A1B6B57A8004CBE3D /* SWRevealViewController.m */,
			);
			path = SWRevealViewController;
			sourceTree = "<group>";
		};
		89D9F7621B6B5DB4004CBE3D /* Images */ = {
			isa = PBXGroup;
			children = (
				89D9F7631B6B5DB4004CBE3D /* Chat */,
				89D9F7641B6B5DB4004CBE3D /* HomeScreen */,
				89D9F76B1B6B5DB4004CBE3D /* Login */,
				89D9F7741B6B5DB4004CBE3D /* Profile */,
				89D9F7751B6B5DB4004CBE3D /* Sidebar */,
			);
			path = Images;
			sourceTree = "<group>";
		};
		89D9F7631B6B5DB4004CBE3D /* Chat */ = {
			isa = PBXGroup;
			children = (
			);
			path = Chat;
			sourceTree = "<group>";
		};
		89D9F7641B6B5DB4004CBE3D /* HomeScreen */ = {
			isa = PBXGroup;
			children = (
				89D9F7651B6B5DB4004CBE3D /* heart_icon.png */,
				89D9F7661B6B5DB4004CBE3D /* menu_icon.png */,
				89D9F7671B6B5DB4004CBE3D /* Profile-3.png */,
				89D9F7681B6B5DB4004CBE3D /* Profile_1.png */,
				89D9F7691B6B5DB4004CBE3D /* Profile_2.png */,
				89D9F76A1B6B5DB4004CBE3D /* share_icon.png */,
			);
			path = HomeScreen;
			sourceTree = "<group>";
		};
		89D9F76B1B6B5DB4004CBE3D /* Login */ = {
			isa = PBXGroup;
			children = (
				89D9F76C1B6B5DB4004CBE3D /* backgroundImage.png */,
				89D9F76D1B6B5DB4004CBE3D /* backgroundImages.png */,
				89D9F76E1B6B5DB4004CBE3D /* call_icon.png */,
				89D9F76F1B6B5DB4004CBE3D /* Fake_icon.png */,
				89D9F7701B6B5DB4004CBE3D /* Kundli_icon.png */,
				89D9F7711B6B5DB4004CBE3D /* Matches_icon.png */,
				89D9F7721B6B5DB4004CBE3D /* Spam_icon.png */,
				89D9F7731B6B5DB4004CBE3D /* Weeding_icon.png */,
			);
			path = Login;
			sourceTree = "<group>";
		};
		89D9F7741B6B5DB4004CBE3D /* Profile */ = {
			isa = PBXGroup;
			children = (
				899CBDE61B75FF3A00D1778A /* menu_white.png */,
				899170821B70E849000CF872 /* location.png */,
				899170831B70E849000CF872 /* location@2x.png */,
				8991707A1B70E80C000CF872 /* calendar.png */,
				8991707B1B70E80C000CF872 /* calendar@2x.png */,
				8991707C1B70E80C000CF872 /* gender.png */,
				8991707D1B70E80C000CF872 /* gender@2x.png */,
				899170761B70E743000CF872 /* profile-edit.png */,
				899170771B70E743000CF872 /* profile-edit@2x.png */,
				899170441B70B5D0000CF872 /* next.png */,
				899170451B70B5D0000CF872 /* next@2x.png */,
				897EF9821B70958F00F88CEC /* measures.png */,
				897EF9831B70958F00F88CEC /* measures@2x.png */,
				897EF96E1B70928E00F88CEC /* frame.png */,
				897EF96F1B70928E00F88CEC /* frame@2x.png */,
				897EF9721B70928E00F88CEC /* qualification.png */,
				897EF9731B70928E00F88CEC /* qualification@2x.png */,
				897EF9741B70928E00F88CEC /* userProfile.png */,
				897EF9751B70928E00F88CEC /* userProfile@2x.png */,
			);
			path = Profile;
			sourceTree = "<group>";
		};
		89D9F7751B6B5DB4004CBE3D /* Sidebar */ = {
			isa = PBXGroup;
			children = (
				89D9F7761B6B5DB4004CBE3D /* preferences.png */,
				89D9F7771B6B5DB4004CBE3D /* preferences@2x.png */,
				89D9F7781B6B5DB4004CBE3D /* profile.png */,
				89D9F7791B6B5DB4004CBE3D /* profile@2x.png */,
				89D9F77A1B6B5DB4004CBE3D /* setting.png */,
				89D9F77B1B6B5DB4004CBE3D /* setting@2x.png */,
			);
			path = Sidebar;
			sourceTree = "<group>";
		};
		89E8D9351B78AF29008A8E2F /* BasicProfileViewController */ = {
			isa = PBXGroup;
			children = (
				89E8D9371B78AF3F008A8E2F /* BasicProfileViewController.h */,
				89E8D9381B78AF3F008A8E2F /* BasicProfileViewController.m */,
			);
			path = BasicProfileViewController;
			sourceTree = "<group>";
		};
		89E8D9361B78AF29008A8E2F /* DetailProfileViewController */ = {
			isa = PBXGroup;
			children = (
				89E8D93A1B78CFF1008A8E2F /* DetailProfileViewController.h */,
				89E8D93B1B78CFF1008A8E2F /* DetailProfileViewController.m */,
			);
			path = DetailProfileViewController;
			sourceTree = "<group>";
		};
/* End PBXGroup section */

/* Begin PBXNativeTarget section */
		897C23951B6B562C00FC32E9 /* MandapTak */ = {
			isa = PBXNativeTarget;
			buildConfigurationList = 897C23BC1B6B562C00FC32E9 /* Build configuration list for PBXNativeTarget "MandapTak" */;
			buildPhases = (
				897C23921B6B562C00FC32E9 /* Sources */,
				897C23931B6B562C00FC32E9 /* Frameworks */,
				897C23941B6B562C00FC32E9 /* Resources */,
			);
			buildRules = (
			);
			dependencies = (
			);
			name = MandapTak;
			productName = MandapTak;
			productReference = 897C23961B6B562C00FC32E9 /* MandapTak.app */;
			productType = "com.apple.product-type.application";
		};
		897C23B11B6B562C00FC32E9 /* MandapTakTests */ = {
			isa = PBXNativeTarget;
			buildConfigurationList = 897C23BF1B6B562C00FC32E9 /* Build configuration list for PBXNativeTarget "MandapTakTests" */;
			buildPhases = (
				897C23AE1B6B562C00FC32E9 /* Sources */,
				897C23AF1B6B562C00FC32E9 /* Frameworks */,
				897C23B01B6B562C00FC32E9 /* Resources */,
			);
			buildRules = (
			);
			dependencies = (
				897C23B41B6B562C00FC32E9 /* PBXTargetDependency */,
			);
			name = MandapTakTests;
			productName = MandapTakTests;
			productReference = 897C23B21B6B562C00FC32E9 /* MandapTakTests.xctest */;
			productType = "com.apple.product-type.bundle.unit-test";
		};
/* End PBXNativeTarget section */

/* Begin PBXProject section */
		897C238E1B6B562C00FC32E9 /* Project object */ = {
			isa = PBXProject;
			attributes = {
				LastUpgradeCheck = 0640;
				ORGANIZATIONNAME = Walkover;
				TargetAttributes = {
					897C23951B6B562C00FC32E9 = {
						CreatedOnToolsVersion = 6.4;
					};
					897C23B11B6B562C00FC32E9 = {
						CreatedOnToolsVersion = 6.4;
						TestTargetID = 897C23951B6B562C00FC32E9;
					};
				};
			};
			buildConfigurationList = 897C23911B6B562C00FC32E9 /* Build configuration list for PBXProject "MandapTak" */;
			compatibilityVersion = "Xcode 3.2";
			developmentRegion = English;
			hasScannedForEncodings = 0;
			knownRegions = (
				en,
				Base,
			);
			mainGroup = 897C238D1B6B562C00FC32E9;
			productRefGroup = 897C23971B6B562C00FC32E9 /* Products */;
			projectDirPath = "";
			projectRoot = "";
			targets = (
				897C23951B6B562C00FC32E9 /* MandapTak */,
				897C23B11B6B562C00FC32E9 /* MandapTakTests */,
			);
		};
/* End PBXProject section */

/* Begin PBXResourcesBuildPhase section */
		897C23941B6B562C00FC32E9 /* Resources */ = {
			isa = PBXResourcesBuildPhase;
			buildActionMask = 2147483647;
			files = (
				89D9F7871B6B5DB4004CBE3D /* Matches_icon.png in Resources */,
				89D9F7891B6B5DB4004CBE3D /* Weeding_icon.png in Resources */,
				89D9F78D1B6B5DB4004CBE3D /* profile@2x.png in Resources */,
				89D9F78B1B6B5DB4004CBE3D /* preferences@2x.png in Resources */,
				899170791B70E743000CF872 /* profile-edit@2x.png in Resources */,
				899170781B70E743000CF872 /* profile-edit.png in Resources */,
				89D9F78C1B6B5DB4004CBE3D /* profile.png in Resources */,
				89D9F7841B6B5DB4004CBE3D /* call_icon.png in Resources */,
				89D9F78F1B6B5DB4004CBE3D /* setting@2x.png in Resources */,
				899170851B70E849000CF872 /* location@2x.png in Resources */,
				89D9F77D1B6B5DB4004CBE3D /* menu_icon.png in Resources */,
				897EF9761B70928E00F88CEC /* frame.png in Resources */,
				89D9F77E1B6B5DB4004CBE3D /* Profile-3.png in Resources */,
				897EF9841B70958F00F88CEC /* measures.png in Resources */,
				897EF97C1B70928E00F88CEC /* userProfile.png in Resources */,
				89D9F7861B6B5DB4004CBE3D /* Kundli_icon.png in Resources */,
				89D9F7801B6B5DB4004CBE3D /* Profile_2.png in Resources */,
				899170801B70E80C000CF872 /* gender.png in Resources */,
				899170461B70B5D0000CF872 /* next.png in Resources */,
				89D9F7851B6B5DB4004CBE3D /* Fake_icon.png in Resources */,
				89D9F78A1B6B5DB4004CBE3D /* preferences.png in Resources */,
				89D9F7821B6B5DB4004CBE3D /* backgroundImage.png in Resources */,
				897EF9851B70958F00F88CEC /* measures@2x.png in Resources */,
				89D9F73F1B6B582C004CBE3D /* Main.storyboard in Resources */,
				89D9F7881B6B5DB4004CBE3D /* Spam_icon.png in Resources */,
				897EF97A1B70928E00F88CEC /* qualification.png in Resources */,
				899170841B70E849000CF872 /* location.png in Resources */,
				8991707F1B70E80C000CF872 /* calendar@2x.png in Resources */,
				89D9F77C1B6B5DB4004CBE3D /* heart_icon.png in Resources */,
				897EF9771B70928E00F88CEC /* frame@2x.png in Resources */,
				89D9F78E1B6B5DB4004CBE3D /* setting.png in Resources */,
				897EF9651B708F2E00F88CEC /* Profile.storyboard in Resources */,
				899CBDE71B75FF3A00D1778A /* menu_white.png in Resources */,
				897C23AD1B6B562C00FC32E9 /* LaunchScreen.xib in Resources */,
				89D9F7811B6B5DB4004CBE3D /* share_icon.png in Resources */,
				897EF97B1B70928E00F88CEC /* qualification@2x.png in Resources */,
				899170471B70B5D0000CF872 /* next@2x.png in Resources */,
				89D9F7831B6B5DB4004CBE3D /* backgroundImages.png in Resources */,
				89D9F77F1B6B5DB4004CBE3D /* Profile_1.png in Resources */,
				75918F6D1B79E9A10082D7EC /* Preference.storyboard in Resources */,
				897C23AA1B6B562C00FC32E9 /* Images.xcassets in Resources */,
				897EF97D1B70928E00F88CEC /* userProfile@2x.png in Resources */,
				8991707E1B70E80C000CF872 /* calendar.png in Resources */,
				899170811B70E80C000CF872 /* gender@2x.png in Resources */,
			);
			runOnlyForDeploymentPostprocessing = 0;
		};
		897C23B01B6B562C00FC32E9 /* Resources */ = {
			isa = PBXResourcesBuildPhase;
			buildActionMask = 2147483647;
			files = (
			);
			runOnlyForDeploymentPostprocessing = 0;
		};
/* End PBXResourcesBuildPhase section */

/* Begin PBXSourcesBuildPhase section */
		897C23921B6B562C00FC32E9 /* Sources */ = {
			isa = PBXSourcesBuildPhase;
			buildActionMask = 2147483647;
			files = (
				8991705D1B70D458000CF872 /* WYStoryboardPopoverSegue.m in Sources */,
				899C537F1B73447B00C24DA8 /* Location.m in Sources */,
				899CBDEB1B75FFEE00D1778A /* BirthTimePopoverViewController.m in Sources */,
				897C23A21B6B562C00FC32E9 /* MandapTak.xcdatamodeld in Sources */,
				899C53831B7383C200C24DA8 /* HeightPopoverViewController.m in Sources */,
				89D9F7321B6B579E004CBE3D /* UserProfileViewController.m in Sources */,
				899C53741B732B9700C24DA8 /* DateOfBirthPopoverViewController.m in Sources */,
				897EF96D1B70901400F88CEC /* EditProfileViewController.m in Sources */,
				75918F731B79E9C50082D7EC /* CustomLabel.m in Sources */,
				8984304A1B788C040071A423 /* EditProfileTab1ViewController.m in Sources */,
				89E8D9391B78AF3F008A8E2F /* BasicProfileViewController.m in Sources */,
				8991705C1B70D458000CF872 /* WYPopoverController.m in Sources */,
				899C53711B732B6500C24DA8 /* PopOverListViewController.m in Sources */,
				899C537C1B7339EB00C24DA8 /* MBProgressHUD.m in Sources */,
				899C53701B732B6500C24DA8 /* GenderViewController.m in Sources */,
				897C239C1B6B562C00FC32E9 /* main.m in Sources */,
				75918F861B79EC2C0082D7EC /* DegreeListVC.m in Sources */,
				899C53781B73363300C24DA8 /* ServiceManager.m in Sources */,
				897EF96A1B708FE000F88CEC /* ProfileViewController.m in Sources */,
				89D9F73B1B6B57A8004CBE3D /* SWRevealViewController.m in Sources */,
				8991706A1B70E0BF000CF872 /* FPPopoverView.m in Sources */,
				899170691B70E0BF000CF872 /* FPPopoverController.m in Sources */,
				89D9F7331B6B579E004CBE3D /* SideBarViewController.m in Sources */,
				89E8D93C1B78CFF1008A8E2F /* DetailProfileViewController.m in Sources */,
				8991706B1B70E0BF000CF872 /* FPTouchView.m in Sources */,
				75918F891B79ECBD0082D7EC /* Degree.m in Sources */,
				89D9F7351B6B579E004CBE3D /* TutorialContentViewController.m in Sources */,
				75918F741B79E9C50082D7EC /* PreferenceVC.m in Sources */,
				89D9F7341B6B579E004CBE3D /* StartMainViewController.m in Sources */,
				89D9F7231B6B578C004CBE3D /* AppDelegate.m in Sources */,
				75918F7E1B79EBD70082D7EC /* SelectedLocationVC.m in Sources */,
				898146351B7C6E5900DF30AB /* TextFieldTableViewCell.m in Sources */,
			);
			runOnlyForDeploymentPostprocessing = 0;
		};
		897C23AE1B6B562C00FC32E9 /* Sources */ = {
			isa = PBXSourcesBuildPhase;
			buildActionMask = 2147483647;
			files = (
				897C23B91B6B562C00FC32E9 /* MandapTakTests.m in Sources */,
			);
			runOnlyForDeploymentPostprocessing = 0;
		};
/* End PBXSourcesBuildPhase section */

/* Begin PBXTargetDependency section */
		897C23B41B6B562C00FC32E9 /* PBXTargetDependency */ = {
			isa = PBXTargetDependency;
			target = 897C23951B6B562C00FC32E9 /* MandapTak */;
			targetProxy = 897C23B31B6B562C00FC32E9 /* PBXContainerItemProxy */;
		};
/* End PBXTargetDependency section */

/* Begin PBXVariantGroup section */
		897C23AB1B6B562C00FC32E9 /* LaunchScreen.xib */ = {
			isa = PBXVariantGroup;
			children = (
				897C23AC1B6B562C00FC32E9 /* Base */,
			);
			name = LaunchScreen.xib;
			sourceTree = "<group>";
		};
/* End PBXVariantGroup section */

/* Begin XCBuildConfiguration section */
		897C23BA1B6B562C00FC32E9 /* Debug */ = {
			isa = XCBuildConfiguration;
			buildSettings = {
				ALWAYS_SEARCH_USER_PATHS = NO;
				CLANG_CXX_LANGUAGE_STANDARD = "gnu++0x";
				CLANG_CXX_LIBRARY = "libc++";
				CLANG_ENABLE_MODULES = YES;
				CLANG_ENABLE_OBJC_ARC = YES;
				CLANG_WARN_BOOL_CONVERSION = YES;
				CLANG_WARN_CONSTANT_CONVERSION = YES;
				CLANG_WARN_DIRECT_OBJC_ISA_USAGE = YES_ERROR;
				CLANG_WARN_EMPTY_BODY = YES;
				CLANG_WARN_ENUM_CONVERSION = YES;
				CLANG_WARN_INT_CONVERSION = YES;
				CLANG_WARN_OBJC_ROOT_CLASS = YES_ERROR;
				CLANG_WARN_UNREACHABLE_CODE = YES;
				CLANG_WARN__DUPLICATE_METHOD_MATCH = YES;
				"CODE_SIGN_IDENTITY[sdk=iphoneos*]" = "iPhone Developer";
				COPY_PHASE_STRIP = NO;
				DEBUG_INFORMATION_FORMAT = "dwarf-with-dsym";
				ENABLE_STRICT_OBJC_MSGSEND = YES;
				GCC_C_LANGUAGE_STANDARD = gnu99;
				GCC_DYNAMIC_NO_PIC = NO;
				GCC_NO_COMMON_BLOCKS = YES;
				GCC_OPTIMIZATION_LEVEL = 0;
				GCC_PREPROCESSOR_DEFINITIONS = (
					"DEBUG=1",
					"$(inherited)",
				);
				GCC_SYMBOLS_PRIVATE_EXTERN = NO;
				GCC_WARN_64_TO_32_BIT_CONVERSION = YES;
				GCC_WARN_ABOUT_RETURN_TYPE = YES_ERROR;
				GCC_WARN_UNDECLARED_SELECTOR = YES;
				GCC_WARN_UNINITIALIZED_AUTOS = YES_AGGRESSIVE;
				GCC_WARN_UNUSED_FUNCTION = YES;
				GCC_WARN_UNUSED_VARIABLE = YES;
				IPHONEOS_DEPLOYMENT_TARGET = 8.4;
				MTL_ENABLE_DEBUG_INFO = YES;
				ONLY_ACTIVE_ARCH = YES;
				SDKROOT = iphoneos;
				TARGETED_DEVICE_FAMILY = "1,2";
			};
			name = Debug;
		};
		897C23BB1B6B562C00FC32E9 /* Release */ = {
			isa = XCBuildConfiguration;
			buildSettings = {
				ALWAYS_SEARCH_USER_PATHS = NO;
				CLANG_CXX_LANGUAGE_STANDARD = "gnu++0x";
				CLANG_CXX_LIBRARY = "libc++";
				CLANG_ENABLE_MODULES = YES;
				CLANG_ENABLE_OBJC_ARC = YES;
				CLANG_WARN_BOOL_CONVERSION = YES;
				CLANG_WARN_CONSTANT_CONVERSION = YES;
				CLANG_WARN_DIRECT_OBJC_ISA_USAGE = YES_ERROR;
				CLANG_WARN_EMPTY_BODY = YES;
				CLANG_WARN_ENUM_CONVERSION = YES;
				CLANG_WARN_INT_CONVERSION = YES;
				CLANG_WARN_OBJC_ROOT_CLASS = YES_ERROR;
				CLANG_WARN_UNREACHABLE_CODE = YES;
				CLANG_WARN__DUPLICATE_METHOD_MATCH = YES;
				"CODE_SIGN_IDENTITY[sdk=iphoneos*]" = "iPhone Developer";
				COPY_PHASE_STRIP = NO;
				DEBUG_INFORMATION_FORMAT = "dwarf-with-dsym";
				ENABLE_NS_ASSERTIONS = NO;
				ENABLE_STRICT_OBJC_MSGSEND = YES;
				GCC_C_LANGUAGE_STANDARD = gnu99;
				GCC_NO_COMMON_BLOCKS = YES;
				GCC_WARN_64_TO_32_BIT_CONVERSION = YES;
				GCC_WARN_ABOUT_RETURN_TYPE = YES_ERROR;
				GCC_WARN_UNDECLARED_SELECTOR = YES;
				GCC_WARN_UNINITIALIZED_AUTOS = YES_AGGRESSIVE;
				GCC_WARN_UNUSED_FUNCTION = YES;
				GCC_WARN_UNUSED_VARIABLE = YES;
				IPHONEOS_DEPLOYMENT_TARGET = 8.4;
				MTL_ENABLE_DEBUG_INFO = NO;
				SDKROOT = iphoneos;
				TARGETED_DEVICE_FAMILY = "1,2";
				VALIDATE_PRODUCT = YES;
			};
			name = Release;
		};
		897C23BD1B6B562C00FC32E9 /* Debug */ = {
			isa = XCBuildConfiguration;
			buildSettings = {
				ASSETCATALOG_COMPILER_APPICON_NAME = AppIcon;
				FRAMEWORK_SEARCH_PATHS = (
					"$(inherited)",
					"$(PROJECT_DIR)/MandapTak/Frameworks",
					"$(PROJECT_DIR)/MandapTak",
				);
				INFOPLIST_FILE = MandapTak/Info.plist;
				LD_RUNPATH_SEARCH_PATHS = "$(inherited) @executable_path/Frameworks";
				PRODUCT_NAME = "$(TARGET_NAME)";
			};
			name = Debug;
		};
		897C23BE1B6B562C00FC32E9 /* Release */ = {
			isa = XCBuildConfiguration;
			buildSettings = {
				ASSETCATALOG_COMPILER_APPICON_NAME = AppIcon;
				FRAMEWORK_SEARCH_PATHS = (
					"$(inherited)",
					"$(PROJECT_DIR)/MandapTak/Frameworks",
					"$(PROJECT_DIR)/MandapTak",
				);
				INFOPLIST_FILE = MandapTak/Info.plist;
				LD_RUNPATH_SEARCH_PATHS = "$(inherited) @executable_path/Frameworks";
				PRODUCT_NAME = "$(TARGET_NAME)";
			};
			name = Release;
		};
		897C23C01B6B562C00FC32E9 /* Debug */ = {
			isa = XCBuildConfiguration;
			buildSettings = {
				BUNDLE_LOADER = "$(TEST_HOST)";
				FRAMEWORK_SEARCH_PATHS = (
					"$(SDKROOT)/Developer/Library/Frameworks",
					"$(inherited)",
				);
				GCC_PREPROCESSOR_DEFINITIONS = (
					"DEBUG=1",
					"$(inherited)",
				);
				INFOPLIST_FILE = MandapTakTests/Info.plist;
				LD_RUNPATH_SEARCH_PATHS = "$(inherited) @executable_path/Frameworks @loader_path/Frameworks";
				PRODUCT_NAME = "$(TARGET_NAME)";
				TEST_HOST = "$(BUILT_PRODUCTS_DIR)/MandapTak.app/MandapTak";
			};
			name = Debug;
		};
		897C23C11B6B562C00FC32E9 /* Release */ = {
			isa = XCBuildConfiguration;
			buildSettings = {
				BUNDLE_LOADER = "$(TEST_HOST)";
				FRAMEWORK_SEARCH_PATHS = (
					"$(SDKROOT)/Developer/Library/Frameworks",
					"$(inherited)",
				);
				INFOPLIST_FILE = MandapTakTests/Info.plist;
				LD_RUNPATH_SEARCH_PATHS = "$(inherited) @executable_path/Frameworks @loader_path/Frameworks";
				PRODUCT_NAME = "$(TARGET_NAME)";
				TEST_HOST = "$(BUILT_PRODUCTS_DIR)/MandapTak.app/MandapTak";
			};
			name = Release;
		};
/* End XCBuildConfiguration section */

/* Begin XCConfigurationList section */
		897C23911B6B562C00FC32E9 /* Build configuration list for PBXProject "MandapTak" */ = {
			isa = XCConfigurationList;
			buildConfigurations = (
				897C23BA1B6B562C00FC32E9 /* Debug */,
				897C23BB1B6B562C00FC32E9 /* Release */,
			);
			defaultConfigurationIsVisible = 0;
			defaultConfigurationName = Release;
		};
		897C23BC1B6B562C00FC32E9 /* Build configuration list for PBXNativeTarget "MandapTak" */ = {
			isa = XCConfigurationList;
			buildConfigurations = (
				897C23BD1B6B562C00FC32E9 /* Debug */,
				897C23BE1B6B562C00FC32E9 /* Release */,
			);
			defaultConfigurationIsVisible = 0;
			defaultConfigurationName = Release;
		};
		897C23BF1B6B562C00FC32E9 /* Build configuration list for PBXNativeTarget "MandapTakTests" */ = {
			isa = XCConfigurationList;
			buildConfigurations = (
				897C23C01B6B562C00FC32E9 /* Debug */,
				897C23C11B6B562C00FC32E9 /* Release */,
			);
			defaultConfigurationIsVisible = 0;
			defaultConfigurationName = Release;
		};
/* End XCConfigurationList section */

/* Begin XCVersionGroup section */
		897C23A01B6B562C00FC32E9 /* MandapTak.xcdatamodeld */ = {
			isa = XCVersionGroup;
			children = (
				897C23A11B6B562C00FC32E9 /* MandapTak.xcdatamodel */,
			);
			currentVersion = 897C23A11B6B562C00FC32E9 /* MandapTak.xcdatamodel */;
			path = MandapTak.xcdatamodeld;
			sourceTree = "<group>";
			versionGroupType = wrapper.xcdatamodel;
		};
/* End XCVersionGroup section */
	};
	rootObject = 897C238E1B6B562C00FC32E9 /* Project object */;
}
